
Microsoft Visual Studio Solution File, Format Version 12.00
# Visual Studio Version 17
VisualStudioVersion = 17.4.33213.308
MinimumVisualStudioVersion = 10.0.40219.1
Project("{9A19103F-16F7-4668-BE54-9A1E7A4F7556}") = "BulkyBookWeb", "WebApplication1\BulkyBookWeb.csproj", "{AE6556C0-3954-4D44-898C-07808FD9CAB2}"
EndProject
Project("{9A19103F-16F7-4668-BE54-9A1E7A4F7556}") = "BulkyBook.DataAccess", "Bulky.DataAccess\BulkyBook.DataAccess.csproj", "{604ABBF4-A832-43EA-A87D-349518750483}"
EndProject
Project("{9A19103F-16F7-4668-BE54-9A1E7A4F7556}") = "BulkyBook.Models", "Bulky.Models\BulkyBook.Models.csproj", "{05B63096-C065-4C77-B34B-A897E8E689E0}"
EndProject
Project("{9A19103F-16F7-4668-BE54-9A1E7A4F7556}") = "BulkyBook.Utility", "Bulky.Utility\BulkyBook.Utility.csproj", "{953C8AB4-92FF-4AA0-A36F-22538AD36B2A}"
EndProject
Global
	GlobalSection(SolutionConfigurationPlatforms) = preSolution
		Debug|Any CPU = Debug|Any CPU
		Release|Any CPU = Release|Any CPU
	EndGlobalSection
	GlobalSection(ProjectConfigurationPlatforms) = postSolution
		{AE6556C0-3954-4D44-898C-07808FD9CAB2}.Debug|Any CPU.ActiveCfg = Debug|Any CPU
		{AE6556C0-3954-4D44-898C-07808FD9CAB2}.Debug|Any CPU.Build.0 = Debug|Any CPU
		{AE6556C0-3954-4D44-898C-07808FD9CAB2}.Release|Any CPU.ActiveCfg = Release|Any CPU
		{AE6556C0-3954-4D44-898C-07808FD9CAB2}.Release|Any CPU.Build.0 = Release|Any CPU
		{604ABBF4-A832-43EA-A87D-349518750483}.Debug|Any CPU.ActiveCfg = Debug|Any CPU
		{604ABBF4-A832-43EA-A87D-349518750483}.Debug|Any CPU.Build.0 = Debug|Any CPU
		{604ABBF4-A832-43EA-A87D-349518750483}.Release|Any CPU.ActiveCfg = Release|Any CPU
		{604ABBF4-A832-43EA-A87D-349518750483}.Release|Any CPU.Build.0 = Release|Any CPU
		{05B63096-C065-4C77-B34B-A897E8E689E0}.Debug|Any CPU.ActiveCfg = Debug|Any CPU
		{05B63096-C065-4C77-B34B-A897E8E689E0}.Debug|Any CPU.Build.0 = Debug|Any CPU
		{05B63096-C065-4C77-B34B-A897E8E689E0}.Release|Any CPU.ActiveCfg = Release|Any CPU
		{05B63096-C065-4C77-B34B-A897E8E689E0}.Release|Any CPU.Build.0 = Release|Any CPU
		{953C8AB4-92FF-4AA0-A36F-22538AD36B2A}.Debug|Any CPU.ActiveCfg = Debug|Any CPU
		{953C8AB4-92FF-4AA0-A36F-22538AD36B2A}.Debug|Any CPU.Build.0 = Debug|Any CPU
		{953C8AB4-92FF-4AA0-A36F-22538AD36B2A}.Release|Any CPU.ActiveCfg = Release|Any CPU
		{953C8AB4-92FF-4AA0-A36F-22538AD36B2A}.Release|Any CPU.Build.0 = Release|Any CPU
	EndGlobalSection
	GlobalSection(SolutionProperties) = preSolution
		HideSolutionNode = FALSE
	EndGlobalSection
	GlobalSection(ExtensibilityGlobals) = postSolution
		SolutionGuid = {15F64591-BC32-449A-996E-6220007BFF6F}
	EndGlobalSection
EndGlobal
